
Microsoft Visual Studio Solution File, Format Version 12.00
# Visual Studio 15
VisualStudioVersion = 15.0.27130.2020
MinimumVisualStudioVersion = 10.0.40219.1
Project("{9A19103F-16F7-4668-BE54-9A1E7A4F7556}") = "Elements.Models", "Elements.Models\Elements.Models.csproj", "{9C588D0E-D654-4DC2-892E-4B651066812D}"
EndProject
Project("{9A19103F-16F7-4668-BE54-9A1E7A4F7556}") = "Elements.Data", "Elements.Data\Elements.Data.csproj", "{A94612A4-303A-4F9E-9315-C0BEDEA15232}"
EndProject
Project("{FAE04EC0-301F-11D3-BF4B-00C04F79EFBC}") = "Elements.Web", "Elements.Web\Elements.Web.csproj", "{2D1756F9-3B66-49D0-BC50-0E1819C75F01}"
EndProject
Global
	GlobalSection(SolutionConfigurationPlatforms) = preSolution
		Debug|Any CPU = Debug|Any CPU
		Release|Any CPU = Release|Any CPU
	EndGlobalSection
	GlobalSection(ProjectConfigurationPlatforms) = postSolution
		{9C588D0E-D654-4DC2-892E-4B651066812D}.Debug|Any CPU.ActiveCfg = Debug|Any CPU
		{9C588D0E-D654-4DC2-892E-4B651066812D}.Debug|Any CPU.Build.0 = Debug|Any CPU
		{9C588D0E-D654-4DC2-892E-4B651066812D}.Release|Any CPU.ActiveCfg = Release|Any CPU
		{9C588D0E-D654-4DC2-892E-4B651066812D}.Release|Any CPU.Build.0 = Release|Any CPU
		{A94612A4-303A-4F9E-9315-C0BEDEA15232}.Debug|Any CPU.ActiveCfg = Debug|Any CPU
		{A94612A4-303A-4F9E-9315-C0BEDEA15232}.Debug|Any CPU.Build.0 = Debug|Any CPU
		{A94612A4-303A-4F9E-9315-C0BEDEA15232}.Release|Any CPU.ActiveCfg = Release|Any CPU
		{A94612A4-303A-4F9E-9315-C0BEDEA15232}.Release|Any CPU.Build.0 = Release|Any CPU
		{2D1756F9-3B66-49D0-BC50-0E1819C75F01}.Debug|Any CPU.ActiveCfg = Debug|Any CPU
		{2D1756F9-3B66-49D0-BC50-0E1819C75F01}.Debug|Any CPU.Build.0 = Debug|Any CPU
		{2D1756F9-3B66-49D0-BC50-0E1819C75F01}.Release|Any CPU.ActiveCfg = Release|Any CPU
		{2D1756F9-3B66-49D0-BC50-0E1819C75F01}.Release|Any CPU.Build.0 = Release|Any CPU
	EndGlobalSection
	GlobalSection(SolutionProperties) = preSolution
		HideSolutionNode = FALSE
	EndGlobalSection
	GlobalSection(ExtensibilityGlobals) = postSolution
		SolutionGuid = {ACCBC26F-10BD-4183-9E06-7115EA2F356C}
	EndGlobalSection
EndGlobal
