
Microsoft Visual Studio Solution File, Format Version 12.00
# Visual Studio 15
VisualStudioVersion = 15.0.27703.2035
MinimumVisualStudioVersion = 10.0.40219.1
Project("{FAE04EC0-301F-11D3-BF4B-00C04F79EFBC}") = "Elements.Web", "Elements.Web\Elements.Web.csproj", "{B5250A94-1F10-475E-A30C-628E5AD61C45}"
EndProject
Project("{FAE04EC0-301F-11D3-BF4B-00C04F79EFBC}") = "Elements.Models", "Elements.Models\Elements.Models.csproj", "{60B6F53C-6B3E-45CF-B93A-F04BB90218A8}"
EndProject
Project("{FAE04EC0-301F-11D3-BF4B-00C04F79EFBC}") = "Elements.Data", "Elements.Data\Elements.Data.csproj", "{73E64315-3454-43EE-8460-2E6EC89BD947}"
EndProject
Global
	GlobalSection(SolutionConfigurationPlatforms) = preSolution
		Debug|Any CPU = Debug|Any CPU
		Release|Any CPU = Release|Any CPU
	EndGlobalSection
	GlobalSection(ProjectConfigurationPlatforms) = postSolution
		{B5250A94-1F10-475E-A30C-628E5AD61C45}.Debug|Any CPU.ActiveCfg = Debug|Any CPU
		{B5250A94-1F10-475E-A30C-628E5AD61C45}.Debug|Any CPU.Build.0 = Debug|Any CPU
		{B5250A94-1F10-475E-A30C-628E5AD61C45}.Release|Any CPU.ActiveCfg = Release|Any CPU
		{B5250A94-1F10-475E-A30C-628E5AD61C45}.Release|Any CPU.Build.0 = Release|Any CPU
		{60B6F53C-6B3E-45CF-B93A-F04BB90218A8}.Debug|Any CPU.ActiveCfg = Debug|Any CPU
		{60B6F53C-6B3E-45CF-B93A-F04BB90218A8}.Debug|Any CPU.Build.0 = Debug|Any CPU
		{60B6F53C-6B3E-45CF-B93A-F04BB90218A8}.Release|Any CPU.ActiveCfg = Release|Any CPU
		{60B6F53C-6B3E-45CF-B93A-F04BB90218A8}.Release|Any CPU.Build.0 = Release|Any CPU
		{73E64315-3454-43EE-8460-2E6EC89BD947}.Debug|Any CPU.ActiveCfg = Debug|Any CPU
		{73E64315-3454-43EE-8460-2E6EC89BD947}.Debug|Any CPU.Build.0 = Debug|Any CPU
		{73E64315-3454-43EE-8460-2E6EC89BD947}.Release|Any CPU.ActiveCfg = Release|Any CPU
		{73E64315-3454-43EE-8460-2E6EC89BD947}.Release|Any CPU.Build.0 = Release|Any CPU
	EndGlobalSection
	GlobalSection(SolutionProperties) = preSolution
		HideSolutionNode = FALSE
	EndGlobalSection
	GlobalSection(ExtensibilityGlobals) = postSolution
		SolutionGuid = {407D6B88-A7D4-48F8-A3B8-9B595F25D496}
	EndGlobalSection
EndGlobal
